
Microsoft Visual Studio Solution File, Format Version 12.00
# Visual Studio Version 17
VisualStudioVersion = 17.4.33110.190
MinimumVisualStudioVersion = 10.0.40219.1
Project("{FAE04EC0-301F-11D3-BF4B-00C04F79EFBC}") = "KiberHyron", "KiberHyron\KiberHyron.csproj", "{F59BD749-9DD0-41BE-BB35-33BAFF2C1382}"
EndProject
Global
	GlobalSection(SolutionConfigurationPlatforms) = preSolution
		Debug|Any CPU = Debug|Any CPU
		Release|Any CPU = Release|Any CPU
	EndGlobalSection
	GlobalSection(ProjectConfigurationPlatforms) = postSolution
		{F59BD749-9DD0-41BE-BB35-33BAFF2C1382}.Debug|Any CPU.ActiveCfg = Debug|Any CPU
		{F59BD749-9DD0-41BE-BB35-33BAFF2C1382}.Debug|Any CPU.Build.0 = Debug|Any CPU
		{F59BD749-9DD0-41BE-BB35-33BAFF2C1382}.Release|Any CPU.ActiveCfg = Release|Any CPU
		{F59BD749-9DD0-41BE-BB35-33BAFF2C1382}.Release|Any CPU.Build.0 = Release|Any CPU
	EndGlobalSection
	GlobalSection(SolutionProperties) = preSolution
		HideSolutionNode = FALSE
	EndGlobalSection
	GlobalSection(ExtensibilityGlobals) = postSolution
		SolutionGuid = {82D6CE53-F0DD-44FD-BD75-74F941396BD1}
	EndGlobalSection
EndGlobal
